// !$*UTF8*$!
{
	archiveVersion = 1;
	classes = {
	};
	objectVersion = 77;
	objects = {

/* Begin PBXBuildFile section */
		13D0BCD9F69B32233A507FE8 /* passnote_widgets.appex in Embed App Extensions */ = {isa = PBXBuildFile; fileRef = 3FC490D41A053A2A89FA13A6 /* passnote_widgets.appex */; settings = {ATTRIBUTES = (RemoveHeadersOnCopy, ); }; };
		1CAF5F3F581F6545AC001F77 /* Foundation.framework in Frameworks */ = {isa = PBXBuildFile; fileRef = DEA94967B994B92DFCD02563 /* Foundation.framework */; };
		2F6F0B8152EB26868DAEB119 /* figures in Resources */ = {isa = PBXBuildFile; fileRef = 130EE03B7062AEA2B0178A18 /* figures */; };
		3C39696BBCA519DD13A7D4CD /* SwiftUI.framework in Frameworks */ = {isa = PBXBuildFile; fileRef = D4C991D26917BE498730CAEF /* SwiftUI.framework */; };
		4F78BDB507216BCD2F23450A /* WidgetKit.framework in Frameworks */ = {isa = PBXBuildFile; fileRef = 7ECD1D1D30C6765F28C9FE2C /* WidgetKit.framework */; };
		C787F10EEA237E6AF40D06AB /* Supabase in Frameworks */ = {isa = PBXBuildFile; productRef = 1EECDCC8E3469009C392E404 /* Supabase */; };
/* End PBXBuildFile section */

/* Begin PBXContainerItemProxy section */
		3D6782A23539A2520D179AEE /* PBXContainerItemProxy */ = {
			isa = PBXContainerItemProxy;
			containerPortal = CEC689F82F9E5F5900E4205C /* Project object */;
			proxyType = 1;
			remoteGlobalIDString = D75804BE44072E57579D0A6F;
			remoteInfo = passnote_widgets;
		};
/* End PBXContainerItemProxy section */

/* Begin PBXCopyFilesBuildPhase section */
		9FFA33FB87EFA6949253955D /* Embed App Extensions */ = {
			isa = PBXCopyFilesBuildPhase;
			buildActionMask = 2147483647;
			dstPath = "";
			dstSubfolderSpec = 13;
			files = (
				13D0BCD9F69B32233A507FE8 /* passnote_widgets.appex in Embed App Extensions */,
			);
			name = "Embed App Extensions";
			runOnlyForDeploymentPostprocessing = 0;
		};
/* End PBXCopyFilesBuildPhase section */

/* Begin PBXFileReference section */
		130EE03B7062AEA2B0178A18 /* figures */ = {isa = PBXFileReference; includeInIndex = 1; lastKnownFileType = folder; name = figures; path = passnote_ios_assets/figures; sourceTree = "<group>"; };
		3FC490D41A053A2A89FA13A6 /* passnote_widgets.appex */ = {isa = PBXFileReference; explicitFileType = "wrapper.app-extension"; includeInIndex = 0; path = passnote_widgets.appex; sourceTree = BUILT_PRODUCTS_DIR; };
		7ECD1D1D30C6765F28C9FE2C /* WidgetKit.framework */ = {isa = PBXFileReference; lastKnownFileType = wrapper.framework; name = WidgetKit.framework; path = System/Library/Frameworks/WidgetKit.framework; sourceTree = SDKROOT; };
		CEC68A002F9E5F5900E4205C /* passnote_ios.app */ = {isa = PBXFileReference; explicitFileType = wrapper.application; includeInIndex = 0; path = passnote_ios.app; sourceTree = BUILT_PRODUCTS_DIR; };
		D4C991D26917BE498730CAEF /* SwiftUI.framework */ = {isa = PBXFileReference; lastKnownFileType = wrapper.framework; name = SwiftUI.framework; path = System/Library/Frameworks/SwiftUI.framework; sourceTree = SDKROOT; };
		DEA94967B994B92DFCD02563 /* Foundation.framework */ = {isa = PBXFileReference; lastKnownFileType = wrapper.framework; name = Foundation.framework; path = Platforms/iPhoneOS.platform/Developer/SDKs/iPhoneOS18.0.sdk/System/Library/Frameworks/Foundation.framework; sourceTree = DEVELOPER_DIR; };
/* End PBXFileReference section */

/* Begin PBXFileSystemSynchronizedRootGroup section */
		082559C44E22E5649ABD9C48 /* passnote_widgets */ = {
			isa = PBXFileSystemSynchronizedRootGroup;
			path = passnote_widgets;
			sourceTree = "<group>";
		};
		CEC68A022F9E5F5900E4205C /* passnote_ios */ = {
			isa = PBXFileSystemSynchronizedRootGroup;
			path = passnote_ios;
			sourceTree = "<group>";
		};
/* End PBXFileSystemSynchronizedRootGroup section */

/* Begin PBXFrameworksBuildPhase section */
		85E70A7E1A5C8B239A52D409 /* Frameworks */ = {
			isa = PBXFrameworksBuildPhase;
			buildActionMask = 2147483647;
			files = (
				1CAF5F3F581F6545AC001F77 /* Foundation.framework in Frameworks */,
				4F78BDB507216BCD2F23450A /* WidgetKit.framework in Frameworks */,
				3C39696BBCA519DD13A7D4CD /* SwiftUI.framework in Frameworks */,
			);
			runOnlyForDeploymentPostprocessing = 0;
		};
		CEC689FD2F9E5F5900E4205C /* Frameworks */ = {
			isa = PBXFrameworksBuildPhase;
			buildActionMask = 2147483647;
			files = (
				C787F10EEA237E6AF40D06AB /* Supabase in Frameworks */,
			);
			runOnlyForDeploymentPostprocessing = 0;
		};
/* End PBXFrameworksBuildPhase section */

/* Begin PBXGroup section */
		157DCC2710AD5BD0F30B84FA /* Frameworks */ = {
			isa = PBXGroup;
			children = (
				4FFA29A4936339A0B16D3D7D /* iOS */,
				7ECD1D1D30C6765F28C9FE2C /* WidgetKit.framework */,
				D4C991D26917BE498730CAEF /* SwiftUI.framework */,
			);
			name = Frameworks;
			sourceTree = "<group>";
		};
		4FFA29A4936339A0B16D3D7D /* iOS */ = {
			isa = PBXGroup;
			children = (
				DEA94967B994B92DFCD02563 /* Foundation.framework */,
			);
			name = iOS;
			sourceTree = "<group>";
		};
		CEC689F72F9E5F5900E4205C = {
			isa = PBXGroup;
			children = (
				CEC68A022F9E5F5900E4205C /* passnote_ios */,
				CEC68A012F9E5F5900E4205C /* Products */,
				130EE03B7062AEA2B0178A18 /* figures */,
				157DCC2710AD5BD0F30B84FA /* Frameworks */,
				082559C44E22E5649ABD9C48 /* passnote_widgets */,
			);
			sourceTree = "<group>";
		};
		CEC68A012F9E5F5900E4205C /* Products */ = {
			isa = PBXGroup;
			children = (
				CEC68A002F9E5F5900E4205C /* passnote_ios.app */,
				3FC490D41A053A2A89FA13A6 /* passnote_widgets.appex */,
			);
			name = Products;
			sourceTree = "<group>";
		};
/* End PBXGroup section */

/* Begin PBXNativeTarget section */
		CEC689FF2F9E5F5900E4205C /* passnote_ios */ = {
			isa = PBXNativeTarget;
			buildConfigurationList = CEC68A0B2F9E5F5A00E4205C /* Build configuration list for PBXNativeTarget "passnote_ios" */;
			buildPhases = (
				CEC689FC2F9E5F5900E4205C /* Sources */,
				CEC689FD2F9E5F5900E4205C /* Frameworks */,
				CEC689FE2F9E5F5900E4205C /* Resources */,
				9FFA33FB87EFA6949253955D /* Embed App Extensions */,
			);
			buildRules = (
			);
			dependencies = (
				41D5774453AB4CC7449A06B6 /* PBXTargetDependency */,
			);
			fileSystemSynchronizedGroups = (
				CEC68A022F9E5F5900E4205C /* passnote_ios */,
			);
			name = passnote_ios;
			packageProductDependencies = (
				1EECDCC8E3469009C392E404 /* Supabase */,
			);
			productName = passnote_ios;
			productReference = CEC68A002F9E5F5900E4205C /* passnote_ios.app */;
			productType = "com.apple.product-type.application";
		};
		D75804BE44072E57579D0A6F /* passnote_widgets */ = {
			isa = PBXNativeTarget;
			buildConfigurationList = B37D0275D9DE2AEB7104170A /* Build configuration list for PBXNativeTarget "passnote_widgets" */;
			buildPhases = (
				8820199E0D3429B80F2CDAC2 /* Sources */,
				85E70A7E1A5C8B239A52D409 /* Frameworks */,
				427ACC8A0D898C63AF0FD630 /* Resources */,
			);
			buildRules = (
			);
			dependencies = (
			);
			fileSystemSynchronizedGroups = (
				082559C44E22E5649ABD9C48 /* passnote_widgets */,
			);
			name = passnote_widgets;
			productName = passnote_widgets;
			productReference = 3FC490D41A053A2A89FA13A6 /* passnote_widgets.appex */;
			productType = "com.apple.product-type.app-extension";
		};
/* End PBXNativeTarget section */

/* Begin PBXProject section */
		CEC689F82F9E5F5900E4205C /* Project object */ = {
			isa = PBXProject;
			attributes = {
				BuildIndependentTargetsInParallel = 1;
				LastSwiftUpdateCheck = 2640;
				LastUpgradeCheck = 2640;
				TargetAttributes = {
					CEC689FF2F9E5F5900E4205C = {
						CreatedOnToolsVersion = 26.4.1;
					};
				};
			};
			buildConfigurationList = CEC689FB2F9E5F5900E4205C /* Build configuration list for PBXProject "passnote_ios" */;
			developmentRegion = en;
			hasScannedForEncodings = 0;
			knownRegions = (
				en,
				Base,
			);
			mainGroup = CEC689F72F9E5F5900E4205C;
			minimizedProjectReferenceProxies = 1;
			packageReferences = (
				E269CE33806ED2877EF8B68D /* XCRemoteSwiftPackageReference "supabase-swift" */,
			);
			preferredProjectObjectVersion = 77;
			productRefGroup = CEC68A012F9E5F5900E4205C /* Products */;
			projectDirPath = "";
			projectRoot = "";
			targets = (
				CEC689FF2F9E5F5900E4205C /* passnote_ios */,
				D75804BE44072E57579D0A6F /* passnote_widgets */,
			);
		};
/* End PBXProject section */

/* Begin PBXResourcesBuildPhase section */
		427ACC8A0D898C63AF0FD630 /* Resources */ = {
			isa = PBXResourcesBuildPhase;
			buildActionMask = 2147483647;
			files = (
			);
			runOnlyForDeploymentPostprocessing = 0;
		};
		CEC689FE2F9E5F5900E4205C /* Resources */ = {
			isa = PBXResourcesBuildPhase;
			buildActionMask = 2147483647;
			files = (
				2F6F0B8152EB26868DAEB119 /* figures in Resources */,
			);
			runOnlyForDeploymentPostprocessing = 0;
		};
/* End PBXResourcesBuildPhase section */

/* Begin PBXSourcesBuildPhase section */
		8820199E0D3429B80F2CDAC2 /* Sources */ = {
			isa = PBXSourcesBuildPhase;
			buildActionMask = 2147483647;
			files = (
			);
			runOnlyForDeploymentPostprocessing = 0;
		};
		CEC689FC2F9E5F5900E4205C /* Sources */ = {
			isa = PBXSourcesBuildPhase;
			buildActionMask = 2147483647;
			files = (
			);
			runOnlyForDeploymentPostprocessing = 0;
		};
/* End PBXSourcesBuildPhase section */

/* Begin PBXTargetDependency section */
		41D5774453AB4CC7449A06B6 /* PBXTargetDependency */ = {
			isa = PBXTargetDependency;
			name = passnote_widgets;
			target = D75804BE44072E57579D0A6F /* passnote_widgets */;
			targetProxy = 3D6782A23539A2520D179AEE /* PBXContainerItemProxy */;
		};
/* End PBXTargetDependency section */

/* Begin XCBuildConfiguration section */
		19AE967A4F70801B8F55B444 /* Debug */ = {
			isa = XCBuildConfiguration;
			buildSettings = {
				ASSETCATALOG_COMPILER_GENERATE_SWIFT_ASSET_SYMBOL_EXTENSIONS = YES;
				CLANG_ENABLE_OBJC_WEAK = NO;
				CODE_SIGN_ENTITLEMENTS = passnote_widgets_meta/passnote_widgets.entitlements;
				CODE_SIGN_STYLE = Automatic;
				CURRENT_PROJECT_VERSION = 1;
				DEVELOPMENT_TEAM = Y4FV6WUU4V;
				GENERATE_INFOPLIST_FILE = NO;
				INFOPLIST_FILE = passnote_widgets_meta/Info.plist;
				IPHONEOS_DEPLOYMENT_TARGET = 26.0;
				LOCALIZATION_PREFERS_STRING_CATALOGS = YES;
				MARKETING_VERSION = 1.0;
				PRODUCT_BUNDLE_IDENTIFIER = com.shera.passnote.widgets;
				PRODUCT_NAME = "$(TARGET_NAME)";
				SDKROOT = iphoneos;
				SKIP_INSTALL = YES;
				SWIFT_VERSION = 5.0;
				TARGETED_DEVICE_FAMILY = "1,2";
			};
			name = Debug;
		};
		CEC68A092F9E5F5A00E4205C /* Debug */ = {
			isa = XCBuildConfiguration;
			buildSettings = {
				ALWAYS_SEARCH_USER_PATHS = NO;
				ASSETCATALOG_COMPILER_GENERATE_SWIFT_ASSET_SYMBOL_EXTENSIONS = YES;
				CLANG_ANALYZER_NONNULL = YES;
				CLANG_ANALYZER_NUMBER_OBJECT_CONVERSION = YES_AGGRESSIVE;
				CLANG_CXX_LANGUAGE_STANDARD = "gnu++20";
				CLANG_ENABLE_MODULES = YES;
				CLANG_ENABLE_OBJC_ARC = YES;
				CLANG_ENABLE_OBJC_WEAK = YES;
				CLANG_WARN_BLOCK_CAPTURE_AUTORELEASING = YES;
				CLANG_WARN_BOOL_CONVERSION = YES;
				CLANG_WARN_COMMA = YES;
				CLANG_WARN_CONSTANT_CONVERSION = YES;
				CLANG_WARN_DEPRECATED_OBJC_IMPLEMENTATIONS = YES;
				CLANG_WARN_DIRECT_OBJC_ISA_USAGE = YES_ERROR;
				CLANG_WARN_DOCUMENTATION_COMMENTS = YES;
				CLANG_WARN_EMPTY_BODY = YES;
				CLANG_WARN_ENUM_CONVERSION = YES;
				CLANG_WARN_INFINITE_RECURSION = YES;
				CLANG_WARN_INT_CONVERSION = YES;
				CLANG_WARN_NON_LITERAL_NULL_CONVERSION = YES;
				CLANG_WARN_OBJC_IMPLICIT_RETAIN_SELF = YES;
				CLANG_WARN_OBJC_LITERAL_CONVERSION = YES;
				CLANG_WARN_OBJC_ROOT_CLASS = YES_ERROR;
				CLANG_WARN_QUOTED_INCLUDE_IN_FRAMEWORK_HEADER = YES;
				CLANG_WARN_RANGE_LOOP_ANALYSIS = YES;
				CLANG_WARN_STRICT_PROTOTYPES = YES;
				CLANG_WARN_SUSPICIOUS_MOVE = YES;
				CLANG_WARN_UNGUARDED_AVAILABILITY = YES_AGGRESSIVE;
				CLANG_WARN_UNREACHABLE_CODE = YES;
				CLANG_WARN__DUPLICATE_METHOD_MATCH = YES;
				COPY_PHASE_STRIP = NO;
				DEBUG_INFORMATION_FORMAT = dwarf;
				DEVELOPMENT_TEAM = Y4FV6WUU4V;
				ENABLE_STRICT_OBJC_MSGSEND = YES;
				ENABLE_TESTABILITY = YES;
				ENABLE_USER_SCRIPT_SANDBOXING = YES;
				GCC_C_LANGUAGE_STANDARD = gnu17;
				GCC_DYNAMIC_NO_PIC = NO;
				GCC_NO_COMMON_BLOCKS = YES;
				GCC_OPTIMIZATION_LEVEL = 0;
				GCC_PREPROCESSOR_DEFINITIONS = (
					"DEBUG=1",
					"$(inherited)",
				);
				GCC_WARN_64_TO_32_BIT_CONVERSION = YES;
				GCC_WARN_ABOUT_RETURN_TYPE = YES_ERROR;
				GCC_WARN_UNDECLARED_SELECTOR = YES;
				GCC_WARN_UNINITIALIZED_AUTOS = YES_AGGRESSIVE;
				GCC_WARN_UNUSED_FUNCTION = YES;
				GCC_WARN_UNUSED_VARIABLE = YES;
				IPHONEOS_DEPLOYMENT_TARGET = 26.0;
				LOCALIZATION_PREFERS_STRING_CATALOGS = YES;
				MTL_ENABLE_DEBUG_INFO = INCLUDE_SOURCE;
				MTL_FAST_MATH = YES;
				ONLY_ACTIVE_ARCH = YES;
				SDKROOT = iphoneos;
				SWIFT_ACTIVE_COMPILATION_CONDITIONS = "DEBUG $(inherited)";
				SWIFT_OPTIMIZATION_LEVEL = "-Onone";
			};
			name = Debug;
		};
		CEC68A0A2F9E5F5A00E4205C /* Release */ = {
			isa = XCBuildConfiguration;
			buildSettings = {
				ALWAYS_SEARCH_USER_PATHS = NO;
				ASSETCATALOG_COMPILER_GENERATE_SWIFT_ASSET_SYMBOL_EXTENSIONS = YES;
				CLANG_ANALYZER_NONNULL = YES;
				CLANG_ANALYZER_NUMBER_OBJECT_CONVERSION = YES_AGGRESSIVE;
				CLANG_CXX_LANGUAGE_STANDARD = "gnu++20";
				CLANG_ENABLE_MODULES = YES;
				CLANG_ENABLE_OBJC_ARC = YES;
				CLANG_ENABLE_OBJC_WEAK = YES;
				CLANG_WARN_BLOCK_CAPTURE_AUTORELEASING = YES;
				CLANG_WARN_BOOL_CONVERSION = YES;
				CLANG_WARN_COMMA = YES;
				CLANG_WARN_CONSTANT_CONVERSION = YES;
				CLANG_WARN_DEPRECATED_OBJC_IMPLEMENTATIONS = YES;
				CLANG_WARN_DIRECT_OBJC_ISA_USAGE = YES_ERROR;
				CLANG_WARN_DOCUMENTATION_COMMENTS = YES;
				CLANG_WARN_EMPTY_BODY = YES;
				CLANG_WARN_ENUM_CONVERSION = YES;
				CLANG_WARN_INFINITE_RECURSION = YES;
				CLANG_WARN_INT_CONVERSION = YES;
				CLANG_WARN_NON_LITERAL_NULL_CONVERSION = YES;
				CLANG_WARN_OBJC_IMPLICIT_RETAIN_SELF = YES;
				CLANG_WARN_OBJC_LITERAL_CONVERSION = YES;
				CLANG_WARN_OBJC_ROOT_CLASS = YES_ERROR;
				CLANG_WARN_QUOTED_INCLUDE_IN_FRAMEWORK_HEADER = YES;
				CLANG_WARN_RANGE_LOOP_ANALYSIS = YES;
				CLANG_WARN_STRICT_PROTOTYPES = YES;
				CLANG_WARN_SUSPICIOUS_MOVE = YES;
				CLANG_WARN_UNGUARDED_AVAILABILITY = YES_AGGRESSIVE;
				CLANG_WARN_UNREACHABLE_CODE = YES;
				CLANG_WARN__DUPLICATE_METHOD_MATCH = YES;
				COPY_PHASE_STRIP = NO;
				DEBUG_INFORMATION_FORMAT = "dwarf-with-dsym";
				DEVELOPMENT_TEAM = Y4FV6WUU4V;
				ENABLE_NS_ASSERTIONS = NO;
				ENABLE_STRICT_OBJC_MSGSEND = YES;
				ENABLE_USER_SCRIPT_SANDBOXING = YES;
				GCC_C_LANGUAGE_STANDARD = gnu17;
				GCC_NO_COMMON_BLOCKS = YES;
				GCC_WARN_64_TO_32_BIT_CONVERSION = YES;
				GCC_WARN_ABOUT_RETURN_TYPE = YES_ERROR;
				GCC_WARN_UNDECLARED_SELECTOR = YES;
				GCC_WARN_UNINITIALIZED_AUTOS = YES_AGGRESSIVE;
				GCC_WARN_UNUSED_FUNCTION = YES;
				GCC_WARN_UNUSED_VARIABLE = YES;
				IPHONEOS_DEPLOYMENT_TARGET = 26.0;
				LOCALIZATION_PREFERS_STRING_CATALOGS = YES;
				MTL_ENABLE_DEBUG_INFO = NO;
				MTL_FAST_MATH = YES;
				SDKROOT = iphoneos;
				SWIFT_COMPILATION_MODE = wholemodule;
				VALIDATE_PRODUCT = YES;
			};
			name = Release;
		};
		CEC68A0C2F9E5F5A00E4205C /* Debug */ = {
			isa = XCBuildConfiguration;
			buildSettings = {
				ASSETCATALOG_COMPILER_APPICON_NAME = AppIcon;
				ASSETCATALOG_COMPILER_GLOBAL_ACCENT_COLOR_NAME = AccentColor;
				CODE_SIGN_ENTITLEMENTS = passnote_ios_meta/passnote_ios.entitlements;
				CODE_SIGN_STYLE = Automatic;
				CURRENT_PROJECT_VERSION = 1;
				DEVELOPMENT_TEAM = Y4FV6WUU4V;
				ENABLE_PREVIEWS = YES;
				GENERATE_INFOPLIST_FILE = NO;
				INFOPLIST_FILE = passnote_ios_meta/Info.plist;
				LD_RUNPATH_SEARCH_PATHS = (
					"$(inherited)",
					"@executable_path/Frameworks",
				);
				MARKETING_VERSION = 1.0;
				PRODUCT_BUNDLE_IDENTIFIER = com.shera.passnote;
				PRODUCT_NAME = "$(TARGET_NAME)";
				STRING_CATALOG_GENERATE_SYMBOLS = YES;
				SWIFT_APPROACHABLE_CONCURRENCY = YES;
				SWIFT_DEFAULT_ACTOR_ISOLATION = MainActor;
				SWIFT_EMIT_LOC_STRINGS = YES;
				SWIFT_UPCOMING_FEATURE_MEMBER_IMPORT_VISIBILITY = YES;
				SWIFT_VERSION = 5.0;
				TARGETED_DEVICE_FAMILY = "1,2";
			};
			name = Debug;
		};
		CEC68A0D2F9E5F5A00E4205C /* Release */ = {
			isa = XCBuildConfiguration;
			buildSettings = {
				ASSETCATALOG_COMPILER_APPICON_NAME = AppIcon;
				ASSETCATALOG_COMPILER_GLOBAL_ACCENT_COLOR_NAME = AccentColor;
				CODE_SIGN_ENTITLEMENTS = passnote_ios_meta/passnote_ios.entitlements;
				CODE_SIGN_STYLE = Automatic;
				CURRENT_PROJECT_VERSION = 1;
				DEVELOPMENT_TEAM = Y4FV6WUU4V;
				ENABLE_PREVIEWS = YES;
				GENERATE_INFOPLIST_FILE = NO;
				INFOPLIST_FILE = passnote_ios_meta/Info.plist;
				LD_RUNPATH_SEARCH_PATHS = (
					"$(inherited)",
					"@executable_path/Frameworks",
				);
				MARKETING_VERSION = 1.0;
				PRODUCT_BUNDLE_IDENTIFIER = com.shera.passnote;
				PRODUCT_NAME = "$(TARGET_NAME)";
				STRING_CATALOG_GENERATE_SYMBOLS = YES;
				SWIFT_APPROACHABLE_CONCURRENCY = YES;
				SWIFT_DEFAULT_ACTOR_ISOLATION = MainActor;
				SWIFT_EMIT_LOC_STRINGS = YES;
				SWIFT_UPCOMING_FEATURE_MEMBER_IMPORT_VISIBILITY = YES;
				SWIFT_VERSION = 5.0;
				TARGETED_DEVICE_FAMILY = "1,2";
			};
			name = Release;
		};
		D1BA7EB11A51EC4FF9E26775 /* Release */ = {
			isa = XCBuildConfiguration;
			buildSettings = {
				ASSETCATALOG_COMPILER_GENERATE_SWIFT_ASSET_SYMBOL_EXTENSIONS = YES;
				CLANG_ENABLE_OBJC_WEAK = NO;
				CODE_SIGN_ENTITLEMENTS = passnote_widgets_meta/passnote_widgets.entitlements;
				CODE_SIGN_STYLE = Automatic;
				CURRENT_PROJECT_VERSION = 1;
				DEVELOPMENT_TEAM = Y4FV6WUU4V;
				GENERATE_INFOPLIST_FILE = NO;
				INFOPLIST_FILE = passnote_widgets_meta/Info.plist;
				IPHONEOS_DEPLOYMENT_TARGET = 26.0;
				LOCALIZATION_PREFERS_STRING_CATALOGS = YES;
				MARKETING_VERSION = 1.0;
				PRODUCT_BUNDLE_IDENTIFIER = com.shera.passnote.widgets;
				PRODUCT_NAME = "$(TARGET_NAME)";
				SDKROOT = iphoneos;
				SKIP_INSTALL = YES;
				SWIFT_VERSION = 5.0;
				TARGETED_DEVICE_FAMILY = "1,2";
				VALIDATE_PRODUCT = YES;
			};
			name = Release;
		};
/* End XCBuildConfiguration section */

/* Begin XCConfigurationList section */
		B37D0275D9DE2AEB7104170A /* Build configuration list for PBXNativeTarget "passnote_widgets" */ = {
			isa = XCConfigurationList;
			buildConfigurations = (
				D1BA7EB11A51EC4FF9E26775 /* Release */,
				19AE967A4F70801B8F55B444 /* Debug */,
			);
			defaultConfigurationIsVisible = 0;
			defaultConfigurationName = Release;
		};
		CEC689FB2F9E5F5900E4205C /* Build configuration list for PBXProject "passnote_ios" */ = {
			isa = XCConfigurationList;
			buildConfigurations = (
				CEC68A092F9E5F5A00E4205C /* Debug */,
				CEC68A0A2F9E5F5A00E4205C /* Release */,
			);
			defaultConfigurationIsVisible = 0;
			defaultConfigurationName = Release;
		};
		CEC68A0B2F9E5F5A00E4205C /* Build configuration list for PBXNativeTarget "passnote_ios" */ = {
			isa = XCConfigurationList;
			buildConfigurations = (
				CEC68A0C2F9E5F5A00E4205C /* Debug */,
				CEC68A0D2F9E5F5A00E4205C /* Release */,
			);
			defaultConfigurationIsVisible = 0;
			defaultConfigurationName = Release;
		};
/* End XCConfigurationList section */

/* Begin XCRemoteSwiftPackageReference section */
		E269CE33806ED2877EF8B68D /* XCRemoteSwiftPackageReference "supabase-swift" */ = {
			isa = XCRemoteSwiftPackageReference;
			repositoryURL = "https://github.com/supabase/supabase-swift";
			requirement = {
				kind = upToNextMajorVersion;
				minimumVersion = 2.0.0;
			};
		};
/* End XCRemoteSwiftPackageReference section */

/* Begin XCSwiftPackageProductDependency section */
		1EECDCC8E3469009C392E404 /* Supabase */ = {
			isa = XCSwiftPackageProductDependency;
			package = E269CE33806ED2877EF8B68D /* XCRemoteSwiftPackageReference "supabase-swift" */;
			productName = Supabase;
		};
/* End XCSwiftPackageProductDependency section */
	};
	rootObject = CEC689F82F9E5F5900E4205C /* Project object */;
}
